lockfileVersion: '9.0'

settings:
  autoInstallPeers: true
  excludeLinksFromLockfile: false

importers:

  .:
    devDependencies:
      lucide-static:
        specifier: 1.50.0
        version: 1.50.0

packages:

  lucide-static@1.50.0:
    resolution: {integrity: sha512-Pge6F5Au0bEBvjaeBIjfU5PsmA43FHdM3s5g3rYqSNWvBO3o7WwDSNQSavwX76z/OoSCjwSVbQpGA9lqKud/WA==}

snapshots:

  lucide-static@1.50.0: {}
