lockfileVersion: '9.0'

settings:
  autoInstallPeers: true
  excludeLinksFromLockfile: false

importers:

  .:
    devDependencies:
      lucide-static:
        specifier: 1.49.0
        version: 1.49.0

packages:

  lucide-static@1.49.0:
    resolution: {integrity: sha512-gSjtl7bR2v26oDInh2Wua1PrF2BRRXl9inhnLWcFfnRqRShmgZvlFRisPHqTfU7kxsuZU8ThNjAFotbInrzKow==}

snapshots:

  lucide-static@1.49.0: {}
